
Microsoft Visual Studio Solution File, Format Version 12.00
# Visual Studio 15
VisualStudioVersion = 15.0.28307.572
MinimumVisualStudioVersion = 10.0.40219.1
Project("{FAE04EC0-301F-11D3-BF4B-00C04F79EFBC}") = "TestUpload", "TestUpload\TestUpload.csproj", "{FFD60F4C-DDC2-401E-B388-A364A6DDE89A}"
EndProject
Global
	GlobalSection(SolutionConfigurationPlatforms) = preSolution
		Debug|Any CPU = Debug|Any CPU
		Release|Any CPU = Release|Any CPU
	EndGlobalSection
	GlobalSection(ProjectConfigurationPlatforms) = postSolution
		{FFD60F4C-DDC2-401E-B388-A364A6DDE89A}.Debug|Any CPU.ActiveCfg = Debug|Any CPU
		{FFD60F4C-DDC2-401E-B388-A364A6DDE89A}.Debug|Any CPU.Build.0 = Debug|Any CPU
		{FFD60F4C-DDC2-401E-B388-A364A6DDE89A}.Release|Any CPU.ActiveCfg = Release|Any CPU
		{FFD60F4C-DDC2-401E-B388-A364A6DDE89A}.Release|Any CPU.Build.0 = Release|Any CPU
	EndGlobalSection
	GlobalSection(SolutionProperties) = preSolution
		HideSolutionNode = FALSE
	EndGlobalSection
	GlobalSection(ExtensibilityGlobals) = postSolution
		SolutionGuid = {1512D112-69D6-4E3E-AE46-1D910D5E0DD7}
	EndGlobalSection
EndGlobal
